// !$*UTF8*$!
{
	archiveVersion = 1;
	classes = {
	};
	objectVersion = 50;
	objects = {

/* Begin PBXBuildFile section */
		12F1D2C722B74985005D74AC /* AppDelegate.swift in Sources */ = {isa = PBXBuildFile; fileRef = 12F1D2C622B74985005D74AC /* AppDelegate.swift */; };
		12F1D2C922B74985005D74AC /* SceneDelegate.swift in Sources */ = {isa = PBXBuildFile; fileRef = 12F1D2C822B74985005D74AC /* SceneDelegate.swift */; };
		12F1D2CB22B74985005D74AC /* ViewController.swift in Sources */ = {isa = PBXBuildFile; fileRef = 12F1D2CA22B74985005D74AC /* ViewController.swift */; };
		12F1D2CE22B74985005D74AC /* Main.storyboard in Resources */ = {isa = PBXBuildFile; fileRef = 12F1D2CC22B74985005D74AC /* Main.storyboard */; };
		12F1D2D022B74985005D74AC /* Assets.xcassets in Resources */ = {isa = PBXBuildFile; fileRef = 12F1D2CF22B74985005D74AC /* Assets.xcassets */; };
		12F1D2D322B74985005D74AC /* LaunchScreen.storyboard in Resources */ = {isa = PBXBuildFile; fileRef = 12F1D2D122B74985005D74AC /* LaunchScreen.storyboard */; };
		12F1D2DE22B74985005D74AC /* TestOTests.swift in Sources */ = {isa = PBXBuildFile; fileRef = 12F1D2DD22B74985005D74AC /* TestOTests.swift */; };
		12F1D2E922B74985005D74AC /* TestOUITests.swift in Sources */ = {isa = PBXBuildFile; fileRef = 12F1D2E822B74985005D74AC /* TestOUITests.swift */; };
/* End PBXBuildFile section */

/* Begin PBXContainerItemProxy section */
		12F1D2DA22B74985005D74AC /* PBXContainerItemProxy */ = {
			isa = PBXContainerItemProxy;
			containerPortal = 12F1D2BB22B74985005D74AC /* Project object */;
			proxyType = 1;
			remoteGlobalIDString = 12F1D2C222B74985005D74AC;
			remoteInfo = TestO;
		};
		12F1D2E522B74985005D74AC /* PBXContainerItemProxy */ = {
			isa = PBXContainerItemProxy;
			containerPortal = 12F1D2BB22B74985005D74AC /* Project object */;
			proxyType = 1;
			remoteGlobalIDString = 12F1D2C222B74985005D74AC;
			remoteInfo = TestO;
		};
/* End PBXContainerItemProxy section */

/* Begin PBXFileReference section */
		12F1D2C322B74985005D74AC /* TestO.app */ = {isa = PBXFileReference; explicitFileType = wrapper.application; includeInIndex = 0; path = TestO.app; sourceTree = BUILT_PRODUCTS_DIR; };
		12F1D2C622B74985005D74AC /* AppDelegate.swift */ = {isa = PBXFileReference; lastKnownFileType = sourcecode.swift; path = AppDelegate.swift; sourceTree = "<group>"; };
		12F1D2C822B74985005D74AC /* SceneDelegate.swift */ = {isa = PBXFileReference; lastKnownFileType = sourcecode.swift; path = SceneDelegate.swift; sourceTree = "<group>"; };
		12F1D2CA22B74985005D74AC /* ViewController.swift */ = {isa = PBXFileReference; lastKnownFileType = sourcecode.swift; path = ViewController.swift; sourceTree = "<group>"; };
		12F1D2CD22B74985005D74AC /* Base */ = {isa = PBXFileReference; lastKnownFileType = file.storyboard; name = Base; path = Base.lproj/Main.storyboard; sourceTree = "<group>"; };
		12F1D2CF22B74985005D74AC /* Assets.xcassets */ = {isa = PBXFileReference; lastKnownFileType = folder.assetcatalog; path = Assets.xcassets; sourceTree = "<group>"; };
		12F1D2D222B74985005D74AC /* Base */ = {isa = PBXFileReference; lastKnownFileType = file.storyboard; name = Base; path = Base.lproj/LaunchScreen.storyboard; sourceTree = "<group>"; };
		12F1D2D422B74985005D74AC /* Info.plist */ = {isa = PBXFileReference; lastKnownFileType = text.plist.xml; path = Info.plist; sourceTree = "<group>"; };
		12F1D2D922B74985005D74AC /* TestOTests.xctest */ = {isa = PBXFileReference; explicitFileType = wrapper.cfbundle; includeInIndex = 0; path = TestOTests.xctest; sourceTree = BUILT_PRODUCTS_DIR; };
		12F1D2DD22B74985005D74AC /* TestOTests.swift */ = {isa = PBXFileReference; lastKnownFileType = sourcecode.swift; path = TestOTests.swift; sourceTree = "<group>"; };
		12F1D2DF22B74985005D74AC /* Info.plist */ = {isa = PBXFileReference; lastKnownFileType = text.plist.xml; path = Info.plist; sourceTree = "<group>"; };
		12F1D2E422B74985005D74AC /* TestOUITests.xctest */ = {isa = PBXFileReference; explicitFileType = wrapper.cfbundle; includeInIndex = 0; path = TestOUITests.xctest; sourceTree = BUILT_PRODUCTS_DIR; };
		12F1D2E822B74985005D74AC /* TestOUITests.swift */ = {isa = PBXFileReference; lastKnownFileType = sourcecode.swift; path = TestOUITests.swift; sourceTree = "<group>"; };
		12F1D2EA22B74985005D74AC /* Info.plist */ = {isa = PBXFileReference; lastKnownFileType = text.plist.xml; path = Info.plist; sourceTree = "<group>"; };
/* End PBXFileReference section */

/* Begin PBXFrameworksBuildPhase section */
		12F1D2C022B74985005D74AC /* Frameworks */ = {
			isa = PBXFrameworksBuildPhase;
			buildActionMask = 2147483647;
			files = (
			);
			runOnlyForDeploymentPostprocessing = 0;
		};
		12F1D2D622B74985005D74AC /* Frameworks */ = {
			isa = PBXFrameworksBuildPhase;
			buildActionMask = 2147483647;
			files = (
			);
			runOnlyForDeploymentPostprocessing = 0;
		};
		12F1D2E122B74985005D74AC /* Frameworks */ = {
			isa = PBXFrameworksBuildPhase;
			buildActionMask = 2147483647;
			files = (
			);
			runOnlyForDeploymentPostprocessing = 0;
		};
/* End PBXFrameworksBuildPhase section */

/* Begin PBXGroup section */
		12F1D2BA22B74985005D74AC = {
			isa = PBXGroup;
			children = (
				12F1D2C522B74985005D74AC /* TestO */,
				12F1D2DC22B74985005D74AC /* TestOTests */,
				12F1D2E722B74985005D74AC /* TestOUITests */,
				12F1D2C422B74985005D74AC /* Products */,
			);
			sourceTree = "<group>";
		};
		12F1D2C422B74985005D74AC /* Products */ = {
			isa = PBXGroup;
			children = (
				12F1D2C322B74985005D74AC /* TestO.app */,
				12F1D2D922B74985005D74AC /* TestOTests.xctest */,
				12F1D2E422B74985005D74AC /* TestOUITests.xctest */,
			);
			name = Products;
			sourceTree = "<group>";
		};
		12F1D2C522B74985005D74AC /* TestO */ = {
			isa = PBXGroup;
			children = (
				12F1D2C622B74985005D74AC /* AppDelegate.swift */,
				12F1D2C822B74985005D74AC /* SceneDelegate.swift */,
				12F1D2CA22B74985005D74AC /* ViewController.swift */,
				12F1D2CC22B74985005D74AC /* Main.storyboard */,
				12F1D2CF22B74985005D74AC /* Assets.xcassets */,
				12F1D2D122B74985005D74AC /* LaunchScreen.storyboard */,
				12F1D2D422B74985005D74AC /* Info.plist */,
			);
			path = TestO;
			sourceTree = "<group>";
		};
		12F1D2DC22B74985005D74AC /* TestOTests */ = {
			isa = PBXGroup;
			children = (
				12F1D2DD22B74985005D74AC /* TestOTests.swift */,
				12F1D2DF22B74985005D74AC /* Info.plist */,
			);
			path = TestOTests;
			sourceTree = "<group>";
		};
		12F1D2E722B74985005D74AC /* TestOUITests */ = {
			isa = PBXGroup;
			children = (
				12F1D2E822B74985005D74AC /* TestOUITests.swift */,
				12F1D2EA22B74985005D74AC /* Info.plist */,
			);
			path = TestOUITests;
			sourceTree = "<group>";
		};
/* End PBXGroup section */

/* Begin PBXNativeTarget section */
		12F1D2C222B74985005D74AC /* TestO */ = {
			isa = PBXNativeTarget;
			buildConfigurationList = 12F1D2ED22B74985005D74AC /* Build configuration list for PBXNativeTarget "TestO" */;
			buildPhases = (
				12F1D2BF22B74985005D74AC /* Sources */,
				12F1D2C022B74985005D74AC /* Frameworks */,
				12F1D2C122B74985005D74AC /* Resources */,
			);
			buildRules = (
			);
			dependencies = (
			);
			name = TestO;
			productName = TestO;
			productReference = 12F1D2C322B74985005D74AC /* TestO.app */;
			productType = "com.apple.product-type.application";
		};
		12F1D2D822B74985005D74AC /* TestOTests */ = {
			isa = PBXNativeTarget;
			buildConfigurationList = 12F1D2F022B74985005D74AC /* Build configuration list for PBXNativeTarget "TestOTests" */;
			buildPhases = (
				12F1D2D522B74985005D74AC /* Sources */,
				12F1D2D622B74985005D74AC /* Frameworks */,
				12F1D2D722B74985005D74AC /* Resources */,
			);
			buildRules = (
			);
			dependencies = (
				12F1D2DB22B74985005D74AC /* PBXTargetDependency */,
			);
			name = TestOTests;
			productName = TestOTests;
			productReference = 12F1D2D922B74985005D74AC /* TestOTests.xctest */;
			productType = "com.apple.product-type.bundle.unit-test";
		};
		12F1D2E322B74985005D74AC /* TestOUITests */ = {
			isa = PBXNativeTarget;
			buildConfigurationList = 12F1D2F322B74985005D74AC /* Build configuration list for PBXNativeTarget "TestOUITests" */;
			buildPhases = (
				12F1D2E022B74985005D74AC /* Sources */,
				12F1D2E122B74985005D74AC /* Frameworks */,
				12F1D2E222B74985005D74AC /* Resources */,
			);
			buildRules = (
			);
			dependencies = (
				12F1D2E622B74985005D74AC /* PBXTargetDependency */,
			);
			name = TestOUITests;
			productName = TestOUITests;
			productReference = 12F1D2E422B74985005D74AC /* TestOUITests.xctest */;
			productType = "com.apple.product-type.bundle.ui-testing";
		};
/* End PBXNativeTarget section */

/* Begin PBXProject section */
		12F1D2BB22B74985005D74AC /* Project object */ = {
			isa = PBXProject;
			attributes = {
				LastSwiftUpdateCheck = 1100;
				LastUpgradeCheck = 1100;
				ORGANIZATIONNAME = darrenChiang;
				TargetAttributes = {
					12F1D2C222B74985005D74AC = {
						CreatedOnToolsVersion = 11.0;
					};
					12F1D2D822B74985005D74AC = {
						CreatedOnToolsVersion = 11.0;
						TestTargetID = 12F1D2C222B74985005D74AC;
					};
					12F1D2E322B74985005D74AC = {
						CreatedOnToolsVersion = 11.0;
						TestTargetID = 12F1D2C222B74985005D74AC;
					};
				};
			};
			buildConfigurationList = 12F1D2BE22B74985005D74AC /* Build configuration list for PBXProject "TestO" */;
			compatibilityVersion = "Xcode 9.3";
			developmentRegion = en;
			hasScannedForEncodings = 0;
			knownRegions = (
				en,
				Base,
			);
			mainGroup = 12F1D2BA22B74985005D74AC;
			productRefGroup = 12F1D2C422B74985005D74AC /* Products */;
			projectDirPath = "";
			projectRoot = "";
			targets = (
				12F1D2C222B74985005D74AC /* TestO */,
				12F1D2D822B74985005D74AC /* TestOTests */,
				12F1D2E322B74985005D74AC /* TestOUITests */,
			);
		};
/* End PBXProject section */

/* Begin PBXResourcesBuildPhase section */
		12F1D2C122B74985005D74AC /* Resources */ = {
			isa = PBXResourcesBuildPhase;
			buildActionMask = 2147483647;
			files = (
				12F1D2D322B74985005D74AC /* LaunchScreen.storyboard in Resources */,
				12F1D2D022B74985005D74AC /* Assets.xcassets in Resources */,
				12F1D2CE22B74985005D74AC /* Main.storyboard in Resources */,
			);
			runOnlyForDeploymentPostprocessing = 0;
		};
		12F1D2D722B74985005D74AC /* Resources */ = {
			isa = PBXResourcesBuildPhase;
			buildActionMask = 2147483647;
			files = (
			);
			runOnlyForDeploymentPostprocessing = 0;
		};
		12F1D2E222B74985005D74AC /* Resources */ = {
			isa = PBXResourcesBuildPhase;
			buildActionMask = 2147483647;
			files = (
			);
			runOnlyForDeploymentPostprocessing = 0;
		};
/* End PBXResourcesBuildPhase section */

/* Begin PBXSourcesBuildPhase section */
		12F1D2BF22B74985005D74AC /* Sources */ = {
			isa = PBXSourcesBuildPhase;
			buildActionMask = 2147483647;
			files = (
				12F1D2CB22B74985005D74AC /* ViewController.swift in Sources */,
				12F1D2C722B74985005D74AC /* AppDelegate.swift in Sources */,
				12F1D2C922B74985005D74AC /* SceneDelegate.swift in Sources */,
			);
			runOnlyForDeploymentPostprocessing = 0;
		};
		12F1D2D522B74985005D74AC /* Sources */ = {
			isa = PBXSourcesBuildPhase;
			buildActionMask = 2147483647;
			files = (
				12F1D2DE22B74985005D74AC /* TestOTests.swift in Sources */,
			);
			runOnlyForDeploymentPostprocessing = 0;
		};
		12F1D2E022B74985005D74AC /* Sources */ = {
			isa = PBXSourcesBuildPhase;
			buildActionMask = 2147483647;
			files = (
				12F1D2E922B74985005D74AC /* TestOUITests.swift in Sources */,
			);
			runOnlyForDeploymentPostprocessing = 0;
		};
/* End PBXSourcesBuildPhase section */

/* Begin PBXTargetDependency section */
		12F1D2DB22B74985005D74AC /* PBXTargetDependency */ = {
			isa = PBXTargetDependency;
			target = 12F1D2C222B74985005D74AC /* TestO */;
			targetProxy = 12F1D2DA22B74985005D74AC /* PBXContainerItemProxy */;
		};
		12F1D2E622B74985005D74AC /* PBXTargetDependency */ = {
			isa = PBXTargetDependency;
			target = 12F1D2C222B74985005D74AC /* TestO */;
			targetProxy = 12F1D2E522B74985005D74AC /* PBXContainerItemProxy */;
		};
/* End PBXTargetDependency section */

/* Begin PBXVariantGroup section */
		12F1D2CC22B74985005D74AC /* Main.storyboard */ = {
			isa = PBXVariantGroup;
			children = (
				12F1D2CD22B74985005D74AC /* Base */,
			);
			name = Main.storyboard;
			sourceTree = "<group>";
		};
		12F1D2D122B74985005D74AC /* LaunchScreen.storyboard */ = {
			isa = PBXVariantGroup;
			children = (
				12F1D2D222B74985005D74AC /* Base */,
			);
			name = LaunchScreen.storyboard;
			sourceTree = "<group>";
		};
/* End PBXVariantGroup section */

/* Begin XCBuildConfiguration section */
		12F1D2EB22B74985005D74AC /* Debug */ = {
			isa = XCBuildConfiguration;
			buildSettings = {
				ALWAYS_SEARCH_USER_PATHS = NO;
				CLANG_ANALYZER_NONNULL = YES;
				CLANG_ANALYZER_NUMBER_OBJECT_CONVERSION = YES_AGGRESSIVE;
				CLANG_CXX_LANGUAGE_STANDARD = "gnu++14";
				CLANG_CXX_LIBRARY = "libc++";
				CLANG_ENABLE_MODULES = YES;
				CLANG_ENABLE_OBJC_ARC = YES;
				CLANG_ENABLE_OBJC_WEAK = YES;
				CLANG_WARN_BLOCK_CAPTURE_AUTORELEASING = YES;
				CLANG_WARN_BOOL_CONVERSION = YES;
				CLANG_WARN_COMMA = YES;
				CLANG_WARN_CONSTANT_CONVERSION = YES;
				CLANG_WARN_DEPRECATED_OBJC_IMPLEMENTATIONS = YES;
				CLANG_WARN_DIRECT_OBJC_ISA_USAGE = YES_ERROR;
				CLANG_WARN_DOCUMENTATION_COMMENTS = YES;
				CLANG_WARN_EMPTY_BODY = YES;
				CLANG_WARN_ENUM_CONVERSION = YES;
				CLANG_WARN_INFINITE_RECURSION = YES;
				CLANG_WARN_INT_CONVERSION = YES;
				CLANG_WARN_NON_LITERAL_NULL_CONVERSION = YES;
				CLANG_WARN_OBJC_IMPLICIT_RETAIN_SELF = YES;
				CLANG_WARN_OBJC_LITERAL_CONVERSION = YES;
				CLANG_WARN_OBJC_ROOT_CLASS = YES_ERROR;
				CLANG_WARN_RANGE_LOOP_ANALYSIS = YES;
				CLANG_WARN_STRICT_PROTOTYPES = YES;
				CLANG_WARN_SUSPICIOUS_MOVE = YES;
				CLANG_WARN_UNGUARDED_AVAILABILITY = YES_AGGRESSIVE;
				CLANG_WARN_UNREACHABLE_CODE = YES;
				CLANG_WARN__DUPLICATE_METHOD_MATCH = YES;
				COPY_PHASE_STRIP = NO;
				DEBUG_INFORMATION_FORMAT = dwarf;
				ENABLE_STRICT_OBJC_MSGSEND = YES;
				ENABLE_TESTABILITY = YES;
				GCC_C_LANGUAGE_STANDARD = gnu11;
				GCC_DYNAMIC_NO_PIC = NO;
				GCC_NO_COMMON_BLOCKS = YES;
				GCC_OPTIMIZATION_LEVEL = 0;
				GCC_PREPROCESSOR_DEFINITIONS = (
					"DEBUG=1",
					"$(inherited)",
				);
				GCC_WARN_64_TO_32_BIT_CONVERSION = YES;
				GCC_WARN_ABOUT_RETURN_TYPE = YES_ERROR;
				GCC_WARN_UNDECLARED_SELECTOR = YES;
				GCC_WARN_UNINITIALIZED_AUTOS = YES_AGGRESSIVE;
				GCC_WARN_UNUSED_FUNCTION = YES;
				GCC_WARN_UNUSED_VARIABLE = YES;
				IPHONEOS_DEPLOYMENT_TARGET = 13.0;
				MTL_ENABLE_DEBUG_INFO = INCLUDE_SOURCE;
				MTL_FAST_MATH = YES;
				ONLY_ACTIVE_ARCH = YES;
				SDKROOT = iphoneos;
				SWIFT_ACTIVE_COMPILATION_CONDITIONS = DEBUG;
				SWIFT_OPTIMIZATION_LEVEL = "-Onone";
			};
			name = Debug;
		};
		12F1D2EC22B74985005D74AC /* Release */ = {
			isa = XCBuildConfiguration;
			buildSettings = {
				ALWAYS_SEARCH_USER_PATHS = NO;
				CLANG_ANALYZER_NONNULL = YES;
				CLANG_ANALYZER_NUMBER_OBJECT_CONVERSION = YES_AGGRESSIVE;
				CLANG_CXX_LANGUAGE_STANDARD = "gnu++14";
				CLANG_CXX_LIBRARY = "libc++";
				CLANG_ENABLE_MODULES = YES;
				CLANG_ENABLE_OBJC_ARC = YES;
				CLANG_ENABLE_OBJC_WEAK = YES;
				CLANG_WARN_BLOCK_CAPTURE_AUTORELEASING = YES;
				CLANG_WARN_BOOL_CONVERSION = YES;
				CLANG_WARN_COMMA = YES;
				CLANG_WARN_CONSTANT_CONVERSION = YES;
				CLANG_WARN_DEPRECATED_OBJC_IMPLEMENTATIONS = YES;
				CLANG_WARN_DIRECT_OBJC_ISA_USAGE = YES_ERROR;
				CLANG_WARN_DOCUMENTATION_COMMENTS = YES;
				CLANG_WARN_EMPTY_BODY = YES;
				CLANG_WARN_ENUM_CONVERSION = YES;
				CLANG_WARN_INFINITE_RECURSION = YES;
				CLANG_WARN_INT_CONVERSION = YES;
				CLANG_WARN_NON_LITERAL_NULL_CONVERSION = YES;
				CLANG_WARN_OBJC_IMPLICIT_RETAIN_SELF = YES;
				CLANG_WARN_OBJC_LITERAL_CONVERSION = YES;
				CLANG_WARN_OBJC_ROOT_CLASS = YES_ERROR;
				CLANG_WARN_RANGE_LOOP_ANALYSIS = YES;
				CLANG_WARN_STRICT_PROTOTYPES = YES;
				CLANG_WARN_SUSPICIOUS_MOVE = YES;
				CLANG_WARN_UNGUARDED_AVAILABILITY = YES_AGGRESSIVE;
				CLANG_WARN_UNREACHABLE_CODE = YES;
				CLANG_WARN__DUPLICATE_METHOD_MATCH = YES;
				COPY_PHASE_STRIP = NO;
				DEBUG_INFORMATION_FORMAT = "dwarf-with-dsym";
				ENABLE_NS_ASSERTIONS = NO;
				ENABLE_STRICT_OBJC_MSGSEND = YES;
				GCC_C_LANGUAGE_STANDARD = gnu11;
				GCC_NO_COMMON_BLOCKS = YES;
				GCC_WARN_64_TO_32_BIT_CONVERSION = YES;
				GCC_WARN_ABOUT_RETURN_TYPE = YES_ERROR;
				GCC_WARN_UNDECLARED_SELECTOR = YES;
				GCC_WARN_UNINITIALIZED_AUTOS = YES_AGGRESSIVE;
				GCC_WARN_UNUSED_FUNCTION = YES;
				GCC_WARN_UNUSED_VARIABLE = YES;
				IPHONEOS_DEPLOYMENT_TARGET = 13.0;
				MTL_ENABLE_DEBUG_INFO = NO;
				MTL_FAST_MATH = YES;
				SDKROOT = iphoneos;
				SWIFT_COMPILATION_MODE = wholemodule;
				SWIFT_OPTIMIZATION_LEVEL = "-O";
				VALIDATE_PRODUCT = YES;
			};
			name = Release;
		};
		12F1D2EE22B74985005D74AC /* Debug */ = {
			isa = XCBuildConfiguration;
			buildSettings = {
				ASSETCATALOG_COMPILER_APPICON_NAME = AppIcon;
				CODE_SIGN_STYLE = Automatic;
				INFOPLIST_FILE = TestO/Info.plist;
				LD_RUNPATH_SEARCH_PATHS = (
					"$(inherited)",
					"@executable_path/Frameworks",
				);
				PRODUCT_BUNDLE_IDENTIFIER = com.ICan.test.TestO;
				PRODUCT_NAME = "$(TARGET_NAME)";
				SWIFT_VERSION = 5.0;
				TARGETED_DEVICE_FAMILY = "1,2";
			};
			name = Debug;
		};
		12F1D2EF22B74985005D74AC /* Release */ = {
			isa = XCBuildConfiguration;
			buildSettings = {
				ASSETCATALOG_COMPILER_APPICON_NAME = AppIcon;
				CODE_SIGN_STYLE = Automatic;
				INFOPLIST_FILE = TestO/Info.plist;
				LD_RUNPATH_SEARCH_PATHS = (
					"$(inherited)",
					"@executable_path/Frameworks",
				);
				PRODUCT_BUNDLE_IDENTIFIER = com.ICan.test.TestO;
				PRODUCT_NAME = "$(TARGET_NAME)";
				SWIFT_VERSION = 5.0;
				TARGETED_DEVICE_FAMILY = "1,2";
			};
			name = Release;
		};
		12F1D2F122B74985005D74AC /* Debug */ = {
			isa = XCBuildConfiguration;
			buildSettings = {
				ALWAYS_EMBED_SWIFT_STANDARD_LIBRARIES = YES;
				BUNDLE_LOADER = "$(TEST_HOST)";
				CODE_SIGN_STYLE = Automatic;
				INFOPLIST_FILE = TestOTests/Info.plist;
				LD_RUNPATH_SEARCH_PATHS = (
					"$(inherited)",
					"@executable_path/Frameworks",
					"@loader_path/Frameworks",
				);
				PRODUCT_BUNDLE_IDENTIFIER = com.ICan.test.TestOTests;
				PRODUCT_NAME = "$(TARGET_NAME)";
				SWIFT_VERSION = 5.0;
				TARGETED_DEVICE_FAMILY = "1,2";
				TEST_HOST = "$(BUILT_PRODUCTS_DIR)/TestO.app/TestO";
			};
			name = Debug;
		};
		12F1D2F222B74985005D74AC /* Release */ = {
			isa = XCBuildConfiguration;
			buildSettings = {
				ALWAYS_EMBED_SWIFT_STANDARD_LIBRARIES = YES;
				BUNDLE_LOADER = "$(TEST_HOST)";
				CODE_SIGN_STYLE = Automatic;
				INFOPLIST_FILE = TestOTests/Info.plist;
				LD_RUNPATH_SEARCH_PATHS = (
					"$(inherited)",
					"@executable_path/Frameworks",
					"@loader_path/Frameworks",
				);
				PRODUCT_BUNDLE_IDENTIFIER = com.ICan.test.TestOTests;
				PRODUCT_NAME = "$(TARGET_NAME)";
				SWIFT_VERSION = 5.0;
				TARGETED_DEVICE_FAMILY = "1,2";
				TEST_HOST = "$(BUILT_PRODUCTS_DIR)/TestO.app/TestO";
			};
			name = Release;
		};
		12F1D2F422B74985005D74AC /* Debug */ = {
			isa = XCBuildConfiguration;
			buildSettings = {
				ALWAYS_EMBED_SWIFT_STANDARD_LIBRARIES = YES;
				CODE_SIGN_STYLE = Automatic;
				INFOPLIST_FILE = TestOUITests/Info.plist;
				LD_RUNPATH_SEARCH_PATHS = (
					"$(inherited)",
					"@executable_path/Frameworks",
					"@loader_path/Frameworks",
				);
				PRODUCT_BUNDLE_IDENTIFIER = com.ICan.test.TestOUITests;
				PRODUCT_NAME = "$(TARGET_NAME)";
				SWIFT_VERSION = 5.0;
				TARGETED_DEVICE_FAMILY = "1,2";
				TEST_TARGET_NAME = TestO;
			};
			name = Debug;
		};
		12F1D2F522B74985005D74AC /* Release */ = {
			isa = XCBuildConfiguration;
			buildSettings = {
				ALWAYS_EMBED_SWIFT_STANDARD_LIBRARIES = YES;
				CODE_SIGN_STYLE = Automatic;
				INFOPLIST_FILE = TestOUITests/Info.plist;
				LD_RUNPATH_SEARCH_PATHS = (
					"$(inherited)",
					"@executable_path/Frameworks",
					"@loader_path/Frameworks",
				);
				PRODUCT_BUNDLE_IDENTIFIER = com.ICan.test.TestOUITests;
				PRODUCT_NAME = "$(TARGET_NAME)";
				SWIFT_VERSION = 5.0;
				TARGETED_DEVICE_FAMILY = "1,2";
				TEST_TARGET_NAME = TestO;
			};
			name = Release;
		};
/* End XCBuildConfiguration section */

/* Begin XCConfigurationList section */
		12F1D2BE22B74985005D74AC /* Build configuration list for PBXProject "TestO" */ = {
			isa = XCConfigurationList;
			buildConfigurations = (
				12F1D2EB22B74985005D74AC /* Debug */,
				12F1D2EC22B74985005D74AC /* Release */,
			);
			defaultConfigurationIsVisible = 0;
			defaultConfigurationName = Release;
		};
		12F1D2ED22B74985005D74AC /* Build configuration list for PBXNativeTarget "TestO" */ = {
			isa = XCConfigurationList;
			buildConfigurations = (
				12F1D2EE22B74985005D74AC /* Debug */,
				12F1D2EF22B74985005D74AC /* Release */,
			);
			defaultConfigurationIsVisible = 0;
			defaultConfigurationName = Release;
		};
		12F1D2F022B74985005D74AC /* Build configuration list for PBXNativeTarget "TestOTests" */ = {
			isa = XCConfigurationList;
			buildConfigurations = (
				12F1D2F122B74985005D74AC /* Debug */,
				12F1D2F222B74985005D74AC /* Release */,
			);
			defaultConfigurationIsVisible = 0;
			defaultConfigurationName = Release;
		};
		12F1D2F322B74985005D74AC /* Build configuration list for PBXNativeTarget "TestOUITests" */ = {
			isa = XCConfigurationList;
			buildConfigurations = (
				12F1D2F422B74985005D74AC /* Debug */,
				12F1D2F522B74985005D74AC /* Release */,
			);
			defaultConfigurationIsVisible = 0;
			defaultConfigurationName = Release;
		};
/* End XCConfigurationList section */
	};
	rootObject = 12F1D2BB22B74985005D74AC /* Project object */;
}
